// !$*UTF8*$!
{
	archiveVersion = 1;
	classes = {
	};
	objectVersion = 56;
	objects = {

/* Begin PBXBuildFile section */
		6037EAA32A0FBBE1007EBADA /* AppDelegate.swift in Sources */ = {isa = PBXBuildFile; fileRef = 6037EAA22A0FBBE1007EBADA /* AppDelegate.swift */; };
		6037EAAC2A0FBBE6007EBADA /* Assets.xcassets in Resources */ = {isa = PBXBuildFile; fileRef = 6037EAAB2A0FBBE6007EBADA /* Assets.xcassets */; };
		6037EAAF2A0FBBE6007EBADA /* LaunchScreen.storyboard in Resources */ = {isa = PBXBuildFile; fileRef = 6037EAAD2A0FBBE6007EBADA /* LaunchScreen.storyboard */; };
		604130DA2A11C6F500BD986F /* ImagePreviewCell.swift in Sources */ = {isa = PBXBuildFile; fileRef = 604130D82A11C6F500BD986F /* ImagePreviewCell.swift */; };
		604130DB2A11C6F500BD986F /* GalleryViewController.swift in Sources */ = {isa = PBXBuildFile; fileRef = 604130D92A11C6F500BD986F /* GalleryViewController.swift */; };
		604130DE2A11C77900BD986F /* ImageViewController.swift in Sources */ = {isa = PBXBuildFile; fileRef = 604130DD2A11C77900BD986F /* ImageViewController.swift */; };
		604130E22A11DE7F00BD986F /* NetworkService.swift in Sources */ = {isa = PBXBuildFile; fileRef = 604130E12A11DE7F00BD986F /* NetworkService.swift */; };
		604130E42A121BB900BD986F /* UIImage+Extension.swift in Sources */ = {isa = PBXBuildFile; fileRef = 604130E32A121BB900BD986F /* UIImage+Extension.swift */; };
		604130E82A12253800BD986F /* ImageCacheService.swift in Sources */ = {isa = PBXBuildFile; fileRef = 604130E72A12253800BD986F /* ImageCacheService.swift */; };
/* End PBXBuildFile section */

/* Begin PBXFileReference section */
		6037EA9F2A0FBBE1007EBADA /* Gallery.app */ = {isa = PBXFileReference; explicitFileType = wrapper.application; includeInIndex = 0; path = Gallery.app; sourceTree = BUILT_PRODUCTS_DIR; };
		6037EAA22A0FBBE1007EBADA /* AppDelegate.swift */ = {isa = PBXFileReference; lastKnownFileType = sourcecode.swift; path = AppDelegate.swift; sourceTree = "<group>"; };
		6037EAAB2A0FBBE6007EBADA /* Assets.xcassets */ = {isa = PBXFileReference; lastKnownFileType = folder.assetcatalog; path = Assets.xcassets; sourceTree = "<group>"; };
		6037EAAE2A0FBBE6007EBADA /* Base */ = {isa = PBXFileReference; lastKnownFileType = file.storyboard; name = Base; path = Base.lproj/LaunchScreen.storyboard; sourceTree = "<group>"; };
		6037EAB02A0FBBE6007EBADA /* Info.plist */ = {isa = PBXFileReference; lastKnownFileType = text.plist.xml; path = Info.plist; sourceTree = "<group>"; };
		604130D82A11C6F500BD986F /* ImagePreviewCell.swift */ = {isa = PBXFileReference; fileEncoding = 4; lastKnownFileType = sourcecode.swift; path = ImagePreviewCell.swift; sourceTree = "<group>"; };
		604130D92A11C6F500BD986F /* GalleryViewController.swift */ = {isa = PBXFileReference; fileEncoding = 4; lastKnownFileType = sourcecode.swift; path = GalleryViewController.swift; sourceTree = "<group>"; };
		604130DD2A11C77900BD986F /* ImageViewController.swift */ = {isa = PBXFileReference; lastKnownFileType = sourcecode.swift; path = ImageViewController.swift; sourceTree = "<group>"; };
		604130E12A11DE7F00BD986F /* NetworkService.swift */ = {isa = PBXFileReference; lastKnownFileType = sourcecode.swift; path = NetworkService.swift; sourceTree = "<group>"; };
		604130E32A121BB900BD986F /* UIImage+Extension.swift */ = {isa = PBXFileReference; lastKnownFileType = sourcecode.swift; path = "UIImage+Extension.swift"; sourceTree = "<group>"; };
		604130E72A12253800BD986F /* ImageCacheService.swift */ = {isa = PBXFileReference; lastKnownFileType = sourcecode.swift; path = ImageCacheService.swift; sourceTree = "<group>"; };
/* End PBXFileReference section */

/* Begin PBXFrameworksBuildPhase section */
		6037EA9C2A0FBBE1007EBADA /* Frameworks */ = {
			isa = PBXFrameworksBuildPhase;
			buildActionMask = 2147483647;
			files = (
			);
			runOnlyForDeploymentPostprocessing = 0;
		};
/* End PBXFrameworksBuildPhase section */

/* Begin PBXGroup section */
		6037EA962A0FBBE1007EBADA = {
			isa = PBXGroup;
			children = (
				6037EAA12A0FBBE1007EBADA /* Gallery */,
				6037EAA02A0FBBE1007EBADA /* Products */,
			);
			sourceTree = "<group>";
		};
		6037EAA02A0FBBE1007EBADA /* Products */ = {
			isa = PBXGroup;
			children = (
				6037EA9F2A0FBBE1007EBADA /* Gallery.app */,
			);
			name = Products;
			sourceTree = "<group>";
		};
		6037EAA12A0FBBE1007EBADA /* Gallery */ = {
			isa = PBXGroup;
			children = (
				6037EAB62A0FBC44007EBADA /* Application */,
				604130E52A121BE000BD986F /* Extensions */,
				6037EAB72A0FBC4D007EBADA /* Modules */,
				6037EAB82A0FBC73007EBADA /* Resources */,
				604130DF2A11DE3D00BD986F /* Services */,
			);
			path = Gallery;
			sourceTree = "<group>";
		};
		6037EAB62A0FBC44007EBADA /* Application */ = {
			isa = PBXGroup;
			children = (
				6037EAA22A0FBBE1007EBADA /* AppDelegate.swift */,
			);
			path = Application;
			sourceTree = "<group>";
		};
		6037EAB72A0FBC4D007EBADA /* Modules */ = {
			isa = PBXGroup;
			children = (
				604130D72A11C6F500BD986F /* Gallery */,
				604130DC2A11C73200BD986F /* Image */,
			);
			path = Modules;
			sourceTree = "<group>";
		};
		6037EAB82A0FBC73007EBADA /* Resources */ = {
			isa = PBXGroup;
			children = (
				6037EAAB2A0FBBE6007EBADA /* Assets.xcassets */,
				6037EAAD2A0FBBE6007EBADA /* LaunchScreen.storyboard */,
				6037EAB02A0FBBE6007EBADA /* Info.plist */,
			);
			path = Resources;
			sourceTree = "<group>";
		};
		604130D72A11C6F500BD986F /* Gallery */ = {
			isa = PBXGroup;
			children = (
				604130D82A11C6F500BD986F /* ImagePreviewCell.swift */,
				604130D92A11C6F500BD986F /* GalleryViewController.swift */,
			);
			path = Gallery;
			sourceTree = "<group>";
		};
		604130DC2A11C73200BD986F /* Image */ = {
			isa = PBXGroup;
			children = (
				604130DD2A11C77900BD986F /* ImageViewController.swift */,
			);
			path = Image;
			sourceTree = "<group>";
		};
		604130DF2A11DE3D00BD986F /* Services */ = {
			isa = PBXGroup;
			children = (
				604130E62A12251000BD986F /* CacheService */,
				604130E02A11DE5A00BD986F /* NetworkService */,
			);
			path = Services;
			sourceTree = "<group>";
		};
		604130E02A11DE5A00BD986F /* NetworkService */ = {
			isa = PBXGroup;
			children = (
				604130E12A11DE7F00BD986F /* NetworkService.swift */,
			);
			path = NetworkService;
			sourceTree = "<group>";
		};
		604130E52A121BE000BD986F /* Extensions */ = {
			isa = PBXGroup;
			children = (
				604130E32A121BB900BD986F /* UIImage+Extension.swift */,
			);
			path = Extensions;
			sourceTree = "<group>";
		};
		604130E62A12251000BD986F /* CacheService */ = {
			isa = PBXGroup;
			children = (
				604130E72A12253800BD986F /* ImageCacheService.swift */,
			);
			path = CacheService;
			sourceTree = "<group>";
		};
/* End PBXGroup section */

/* Begin PBXNativeTarget section */
		6037EA9E2A0FBBE1007EBADA /* Gallery */ = {
			isa = PBXNativeTarget;
			buildConfigurationList = 6037EAB32A0FBBE6007EBADA /* Build configuration list for PBXNativeTarget "Gallery" */;
			buildPhases = (
				6037EA9B2A0FBBE1007EBADA /* Sources */,
				6037EA9C2A0FBBE1007EBADA /* Frameworks */,
				6037EA9D2A0FBBE1007EBADA /* Resources */,
			);
			buildRules = (
			);
			dependencies = (
			);
			name = Gallery;
			productName = Gallery;
			productReference = 6037EA9F2A0FBBE1007EBADA /* Gallery.app */;
			productType = "com.apple.product-type.application";
		};
/* End PBXNativeTarget section */

/* Begin PBXProject section */
		6037EA972A0FBBE1007EBADA /* Project object */ = {
			isa = PBXProject;
			attributes = {
				BuildIndependentTargetsInParallel = 1;
				LastSwiftUpdateCheck = 1410;
				LastUpgradeCheck = 1410;
				TargetAttributes = {
					6037EA9E2A0FBBE1007EBADA = {
						CreatedOnToolsVersion = 14.1;
					};
				};
			};
			buildConfigurationList = 6037EA9A2A0FBBE1007EBADA /* Build configuration list for PBXProject "Gallery" */;
			compatibilityVersion = "Xcode 14.0";
			developmentRegion = en;
			hasScannedForEncodings = 0;
			knownRegions = (
				en,
				Base,
			);
			mainGroup = 6037EA962A0FBBE1007EBADA;
			productRefGroup = 6037EAA02A0FBBE1007EBADA /* Products */;
			projectDirPath = "";
			projectRoot = "";
			targets = (
				6037EA9E2A0FBBE1007EBADA /* Gallery */,
			);
		};
/* End PBXProject section */

/* Begin PBXResourcesBuildPhase section */
		6037EA9D2A0FBBE1007EBADA /* Resources */ = {
			isa = PBXResourcesBuildPhase;
			buildActionMask = 2147483647;
			files = (
				6037EAAF2A0FBBE6007EBADA /* LaunchScreen.storyboard in Resources */,
				6037EAAC2A0FBBE6007EBADA /* Assets.xcassets in Resources */,
			);
			runOnlyForDeploymentPostprocessing = 0;
		};
/* End PBXResourcesBuildPhase section */

/* Begin PBXSourcesBuildPhase section */
		6037EA9B2A0FBBE1007EBADA /* Sources */ = {
			isa = PBXSourcesBuildPhase;
			buildActionMask = 2147483647;
			files = (
				604130E82A12253800BD986F /* ImageCacheService.swift in Sources */,
				604130E22A11DE7F00BD986F /* NetworkService.swift in Sources */,
				604130DB2A11C6F500BD986F /* GalleryViewController.swift in Sources */,
				604130DA2A11C6F500BD986F /* ImagePreviewCell.swift in Sources */,
				604130E42A121BB900BD986F /* UIImage+Extension.swift in Sources */,
				604130DE2A11C77900BD986F /* ImageViewController.swift in Sources */,
				6037EAA32A0FBBE1007EBADA /* AppDelegate.swift in Sources */,
			);
			runOnlyForDeploymentPostprocessing = 0;
		};
/* End PBXSourcesBuildPhase section */

/* Begin PBXVariantGroup section */
		6037EAAD2A0FBBE6007EBADA /* LaunchScreen.storyboard */ = {
			isa = PBXVariantGroup;
			children = (
				6037EAAE2A0FBBE6007EBADA /* Base */,
			);
			name = LaunchScreen.storyboard;
			sourceTree = "<group>";
		};
/* End PBXVariantGroup section */

/* Begin XCBuildConfiguration section */
		6037EAB12A0FBBE6007EBADA /* Debug */ = {
			isa = XCBuildConfiguration;
			buildSettings = {
				ALWAYS_SEARCH_USER_PATHS = NO;
				CLANG_ANALYZER_NONNULL = YES;
				CLANG_ANALYZER_NUMBER_OBJECT_CONVERSION = YES_AGGRESSIVE;
				CLANG_CXX_LANGUAGE_STANDARD = "gnu++20";
				CLANG_ENABLE_MODULES = YES;
				CLANG_ENABLE_OBJC_ARC = YES;
				CLANG_ENABLE_OBJC_WEAK = YES;
				CLANG_WARN_BLOCK_CAPTURE_AUTORELEASING = YES;
				CLANG_WARN_BOOL_CONVERSION = YES;
				CLANG_WARN_COMMA = YES;
				CLANG_WARN_CONSTANT_CONVERSION = YES;
				CLANG_WARN_DEPRECATED_OBJC_IMPLEMENTATIONS = YES;
				CLANG_WARN_DIRECT_OBJC_ISA_USAGE = YES_ERROR;
				CLANG_WARN_DOCUMENTATION_COMMENTS = YES;
				CLANG_WARN_EMPTY_BODY = YES;
				CLANG_WARN_ENUM_CONVERSION = YES;
				CLANG_WARN_INFINITE_RECURSION = YES;
				CLANG_WARN_INT_CONVERSION = YES;
				CLANG_WARN_NON_LITERAL_NULL_CONVERSION = YES;
				CLANG_WARN_OBJC_IMPLICIT_RETAIN_SELF = YES;
				CLANG_WARN_OBJC_LITERAL_CONVERSION = YES;
				CLANG_WARN_OBJC_ROOT_CLASS = YES_ERROR;
				CLANG_WARN_QUOTED_INCLUDE_IN_FRAMEWORK_HEADER = YES;
				CLANG_WARN_RANGE_LOOP_ANALYSIS = YES;
				CLANG_WARN_STRICT_PROTOTYPES = YES;
				CLANG_WARN_SUSPICIOUS_MOVE = YES;
				CLANG_WARN_UNGUARDED_AVAILABILITY = YES_AGGRESSIVE;
				CLANG_WARN_UNREACHABLE_CODE = YES;
				CLANG_WARN__DUPLICATE_METHOD_MATCH = YES;
				COPY_PHASE_STRIP = NO;
				DEBUG_INFORMATION_FORMAT = dwarf;
				ENABLE_STRICT_OBJC_MSGSEND = YES;
				ENABLE_TESTABILITY = YES;
				GCC_C_LANGUAGE_STANDARD = gnu11;
				GCC_DYNAMIC_NO_PIC = NO;
				GCC_NO_COMMON_BLOCKS = YES;
				GCC_OPTIMIZATION_LEVEL = 0;
				GCC_PREPROCESSOR_DEFINITIONS = (
					"DEBUG=1",
					"$(inherited)",
				);
				GCC_WARN_64_TO_32_BIT_CONVERSION = YES;
				GCC_WARN_ABOUT_RETURN_TYPE = YES_ERROR;
				GCC_WARN_UNDECLARED_SELECTOR = YES;
				GCC_WARN_UNINITIALIZED_AUTOS = YES_AGGRESSIVE;
				GCC_WARN_UNUSED_FUNCTION = YES;
				GCC_WARN_UNUSED_VARIABLE = YES;
				IPHONEOS_DEPLOYMENT_TARGET = 16.1;
				MTL_ENABLE_DEBUG_INFO = INCLUDE_SOURCE;
				MTL_FAST_MATH = YES;
				ONLY_ACTIVE_ARCH = YES;
				SDKROOT = iphoneos;
				SWIFT_ACTIVE_COMPILATION_CONDITIONS = DEBUG;
				SWIFT_OPTIMIZATION_LEVEL = "-Onone";
			};
			name = Debug;
		};
		6037EAB22A0FBBE6007EBADA /* Release */ = {
			isa = XCBuildConfiguration;
			buildSettings = {
				ALWAYS_SEARCH_USER_PATHS = NO;
				CLANG_ANALYZER_NONNULL = YES;
				CLANG_ANALYZER_NUMBER_OBJECT_CONVERSION = YES_AGGRESSIVE;
				CLANG_CXX_LANGUAGE_STANDARD = "gnu++20";
				CLANG_ENABLE_MODULES = YES;
				CLANG_ENABLE_OBJC_ARC = YES;
				CLANG_ENABLE_OBJC_WEAK = YES;
				CLANG_WARN_BLOCK_CAPTURE_AUTORELEASING = YES;
				CLANG_WARN_BOOL_CONVERSION = YES;
				CLANG_WARN_COMMA = YES;
				CLANG_WARN_CONSTANT_CONVERSION = YES;
				CLANG_WARN_DEPRECATED_OBJC_IMPLEMENTATIONS = YES;
				CLANG_WARN_DIRECT_OBJC_ISA_USAGE = YES_ERROR;
				CLANG_WARN_DOCUMENTATION_COMMENTS = YES;
				CLANG_WARN_EMPTY_BODY = YES;
				CLANG_WARN_ENUM_CONVERSION = YES;
				CLANG_WARN_INFINITE_RECURSION = YES;
				CLANG_WARN_INT_CONVERSION = YES;
				CLANG_WARN_NON_LITERAL_NULL_CONVERSION = YES;
				CLANG_WARN_OBJC_IMPLICIT_RETAIN_SELF = YES;
				CLANG_WARN_OBJC_LITERAL_CONVERSION = YES;
				CLANG_WARN_OBJC_ROOT_CLASS = YES_ERROR;
				CLANG_WARN_QUOTED_INCLUDE_IN_FRAMEWORK_HEADER = YES;
				CLANG_WARN_RANGE_LOOP_ANALYSIS = YES;
				CLANG_WARN_STRICT_PROTOTYPES = YES;
				CLANG_WARN_SUSPICIOUS_MOVE = YES;
				CLANG_WARN_UNGUARDED_AVAILABILITY = YES_AGGRESSIVE;
				CLANG_WARN_UNREACHABLE_CODE = YES;
				CLANG_WARN__DUPLICATE_METHOD_MATCH = YES;
				COPY_PHASE_STRIP = NO;
				DEBUG_INFORMATION_FORMAT = "dwarf-with-dsym";
				ENABLE_NS_ASSERTIONS = NO;
				ENABLE_STRICT_OBJC_MSGSEND = YES;
				GCC_C_LANGUAGE_STANDARD = gnu11;
				GCC_NO_COMMON_BLOCKS = YES;
				GCC_WARN_64_TO_32_BIT_CONVERSION = YES;
				GCC_WARN_ABOUT_RETURN_TYPE = YES_ERROR;
				GCC_WARN_UNDECLARED_SELECTOR = YES;
				GCC_WARN_UNINITIALIZED_AUTOS = YES_AGGRESSIVE;
				GCC_WARN_UNUSED_FUNCTION = YES;
				GCC_WARN_UNUSED_VARIABLE = YES;
				IPHONEOS_DEPLOYMENT_TARGET = 16.1;
				MTL_ENABLE_DEBUG_INFO = NO;
				MTL_FAST_MATH = YES;
				SDKROOT = iphoneos;
				SWIFT_COMPILATION_MODE = wholemodule;
				SWIFT_OPTIMIZATION_LEVEL = "-O";
				VALIDATE_PRODUCT = YES;
			};
			name = Release;
		};
		6037EAB42A0FBBE6007EBADA /* Debug */ = {
			isa = XCBuildConfiguration;
			buildSettings = {
				ASSETCATALOG_COMPILER_APPICON_NAME = AppIcon;
				ASSETCATALOG_COMPILER_GLOBAL_ACCENT_COLOR_NAME = AccentColor;
				CODE_SIGN_STYLE = Automatic;
				CURRENT_PROJECT_VERSION = 1;
				DEVELOPMENT_TEAM = TVNB4R4JHD;
				GENERATE_INFOPLIST_FILE = YES;
				INFOPLIST_FILE = Gallery/Resources/Info.plist;
				INFOPLIST_KEY_UIApplicationSupportsIndirectInputEvents = YES;
				INFOPLIST_KEY_UILaunchStoryboardName = LaunchScreen;
				INFOPLIST_KEY_UISupportedInterfaceOrientations_iPad = "UIInterfaceOrientationPortrait UIInterfaceOrientationPortraitUpsideDown UIInterfaceOrientationLandscapeLeft UIInterfaceOrientationLandscapeRight";
				INFOPLIST_KEY_UISupportedInterfaceOrientations_iPhone = "UIInterfaceOrientationPortrait UIInterfaceOrientationLandscapeLeft UIInterfaceOrientationLandscapeRight";
				LD_RUNPATH_SEARCH_PATHS = (
					"$(inherited)",
					"@executable_path/Frameworks",
				);
				MARKETING_VERSION = 1.0;
				PRODUCT_BUNDLE_IDENTIFIER = com.nikolayignatov.Gallery;
				PRODUCT_NAME = "$(TARGET_NAME)";
				SUPPORTED_PLATFORMS = "iphoneos iphonesimulator";
				SUPPORTS_MACCATALYST = NO;
				SUPPORTS_MAC_DESIGNED_FOR_IPHONE_IPAD = NO;
				SWIFT_EMIT_LOC_STRINGS = YES;
				SWIFT_VERSION = 5.0;
				TARGETED_DEVICE_FAMILY = 1;
			};
			name = Debug;
		};
		6037EAB52A0FBBE6007EBADA /* Release */ = {
			isa = XCBuildConfiguration;
			buildSettings = {
				ASSETCATALOG_COMPILER_APPICON_NAME = AppIcon;
				ASSETCATALOG_COMPILER_GLOBAL_ACCENT_COLOR_NAME = AccentColor;
				CODE_SIGN_STYLE = Automatic;
				CURRENT_PROJECT_VERSION = 1;
				DEVELOPMENT_TEAM = TVNB4R4JHD;
				GENERATE_INFOPLIST_FILE = YES;
				INFOPLIST_FILE = Gallery/Resources/Info.plist;
				INFOPLIST_KEY_UIApplicationSupportsIndirectInputEvents = YES;
				INFOPLIST_KEY_UILaunchStoryboardName = LaunchScreen;
				INFOPLIST_KEY_UISupportedInterfaceOrientations_iPad = "UIInterfaceOrientationPortrait UIInterfaceOrientationPortraitUpsideDown UIInterfaceOrientationLandscapeLeft UIInterfaceOrientationLandscapeRight";
				INFOPLIST_KEY_UISupportedInterfaceOrientations_iPhone = "UIInterfaceOrientationPortrait UIInterfaceOrientationLandscapeLeft UIInterfaceOrientationLandscapeRight";
				LD_RUNPATH_SEARCH_PATHS = (
					"$(inherited)",
					"@executable_path/Frameworks",
				);
				MARKETING_VERSION = 1.0;
				PRODUCT_BUNDLE_IDENTIFIER = com.nikolayignatov.Gallery;
				PRODUCT_NAME = "$(TARGET_NAME)";
				SUPPORTED_PLATFORMS = "iphoneos iphonesimulator";
				SUPPORTS_MACCATALYST = NO;
				SUPPORTS_MAC_DESIGNED_FOR_IPHONE_IPAD = NO;
				SWIFT_EMIT_LOC_STRINGS = YES;
				SWIFT_VERSION = 5.0;
				TARGETED_DEVICE_FAMILY = 1;
			};
			name = Release;
		};
/* End XCBuildConfiguration section */

/* Begin XCConfigurationList section */
		6037EA9A2A0FBBE1007EBADA /* Build configuration list for PBXProject "Gallery" */ = {
			isa = XCConfigurationList;
			buildConfigurations = (
				6037EAB12A0FBBE6007EBADA /* Debug */,
				6037EAB22A0FBBE6007EBADA /* Release */,
			);
			defaultConfigurationIsVisible = 0;
			defaultConfigurationName = Release;
		};
		6037EAB32A0FBBE6007EBADA /* Build configuration list for PBXNativeTarget "Gallery" */ = {
			isa = XCConfigurationList;
			buildConfigurations = (
				6037EAB42A0FBBE6007EBADA /* Debug */,
				6037EAB52A0FBBE6007EBADA /* Release */,
			);
			defaultConfigurationIsVisible = 0;
			defaultConfigurationName = Release;
		};
/* End XCConfigurationList section */
	};
	rootObject = 6037EA972A0FBBE1007EBADA /* Project object */;
}
